<?xml version="1.0" encoding="utf-8"?>
<Project ToolsVersion="4.0" xmlns="http://schemas.microsoft.com/developer/msbuild/2003">
  <ItemGroup>
    <Filter Include="Quelldateien">
      <UniqueIdentifier>{4FC737F1-C7A5-4376-A066-2A32D752A2FF}</UniqueIdentifier>
      <Extensions>cpp;c;cc;cxx;def;odl;idl;hpj;bat;asm;asmx</Extensions>
    </Filter>
    <Filter Include="Headerdateien">
      <UniqueIdentifier>{93995380-89BD-4b04-88EB-625FBE52EBFB}</UniqueIdentifier>
      <Extensions>h;hh;hpp;hxx;hm;inl;inc;ipp;xsd</Extensions>
    </Filter>
    <Filter Include="Ressourcendateien">
      <UniqueIdentifier>{67DA6AB6-F800-4c08-8B7A-83BB121AAD01}</UniqueIdentifier>
      <Extensions>rc;ico;cur;bmp;dlg;rc2;rct;bin;rgs;gif;jpg;jpeg;jpe;resx;tiff;tif;png;wav;mfcribbon-ms</Extensions>
    </Filter>
  </ItemGroup>
  <ItemGroup>
    <ResourceCompile Include="app.rc">
      <Filter>Ressourcendateien</Filter>
    </ResourceCompile>
  </ItemGroup>
  <ItemGroup>
    <Image Include="app.ico">
      <Filter>Ressourcendateien</Filter>
    </Image>
  </ItemGroup>
  <ItemGroup>
    <ClCompile Include="SIDwin.cpp">
      <Filter>Quelldateien</Filter>
    </ClCompile>
    <ClCompile Include="stdafx.cpp">
      <Filter>Quelldateien</Filter>
    </ClCompile>
    <ClCompile Include="AssemblyInfo.cpp">
      <Filter>Quelldateien</Filter>
    </ClCompile>
    <ClCompile Include="GT\resid\envelope.cpp">
      <Filter>Quelldateien</Filter>
    </ClCompile>
    <ClCompile Include="GT\resid\extfilt.cpp">
      <Filter>Quelldateien</Filter>
    </ClCompile>
    <ClCompile Include="GT\resid\filter.cpp">
      <Filter>Quelldateien</Filter>
    </ClCompile>
    <ClCompile Include="GT\resid\pot.cpp">
      <Filter>Quelldateien</Filter>
    </ClCompile>
    <ClCompile Include="GT\resid\sid.cpp">
      <Filter>Quelldateien</Filter>
    </ClCompile>
    <ClCompile Include="GT\resid\version.cpp">
      <Filter>Quelldateien</Filter>
    </ClCompile>
    <ClCompile Include="GT\resid\voice.cpp">
      <Filter>Quelldateien</Filter>
    </ClCompile>
    <ClCompile Include="GT\resid\wave.cpp">
      <Filter>Quelldateien</Filter>
    </ClCompile>
    <ClCompile Include="GT\resid\wave6581__ST.cpp">
      <Filter>Quelldateien</Filter>
    </ClCompile>
    <ClCompile Include="GT\resid\wave6581_P_T.cpp">
      <Filter>Quelldateien</Filter>
    </ClCompile>
    <ClCompile Include="GT\resid\wave6581_PS_.cpp">
      <Filter>Quelldateien</Filter>
    </ClCompile>
    <ClCompile Include="GT\resid\wave6581_PST.cpp">
      <Filter>Quelldateien</Filter>
    </ClCompile>
    <ClCompile Include="GT\resid\wave8580__ST.cpp">
      <Filter>Quelldateien</Filter>
    </ClCompile>
    <ClCompile Include="GT\resid\wave8580_P_T.cpp">
      <Filter>Quelldateien</Filter>
    </ClCompile>
    <ClCompile Include="GT\resid\wave8580_PS_.cpp">
      <Filter>Quelldateien</Filter>
    </ClCompile>
    <ClCompile Include="GT\resid\wave8580_PST.cpp">
      <Filter>Quelldateien</Filter>
    </ClCompile>
    <ClCompile Include="GT\resid-fp\envelopefp.cpp">
      <Filter>Quelldateien</Filter>
    </ClCompile>
    <ClCompile Include="GT\resid-fp\extfiltfp.cpp">
      <Filter>Quelldateien</Filter>
    </ClCompile>
    <ClCompile Include="GT\resid-fp\filterfp.cpp">
      <Filter>Quelldateien</Filter>
    </ClCompile>
    <ClCompile Include="GT\resid-fp\potfp.cpp">
      <Filter>Quelldateien</Filter>
    </ClCompile>
    <ClCompile Include="GT\resid-fp\sidfp.cpp">
      <Filter>Quelldateien</Filter>
    </ClCompile>
    <ClCompile Include="GT\resid-fp\versionfp.cpp">
      <Filter>Quelldateien</Filter>
    </ClCompile>
    <ClCompile Include="GT\resid-fp\voicefp.cpp">
      <Filter>Quelldateien</Filter>
    </ClCompile>
    <ClCompile Include="GT\resid-fp\wavefp.cpp">
      <Filter>Quelldateien</Filter>
    </ClCompile>
    <ClCompile Include="GT\gsid.cpp">
      <Filter>Quelldateien</Filter>
    </ClCompile>
    <ClCompile Include="SampleWave.cpp">
      <Filter>Quelldateien</Filter>
    </ClCompile>
    <ClCompile Include="SID\SIDIF.cpp">
      <Filter>Quelldateien</Filter>
    </ClCompile>
    <ClCompile Include="SID\Instrument.cpp">
      <Filter>Quelldateien</Filter>
    </ClCompile>
    <ClCompile Include="TestSID.cpp">
      <Filter>Quelldateien</Filter>
    </ClCompile>
  </ItemGroup>
  <ItemGroup>
    <ClInclude Include="stdafx.h">
      <Filter>Headerdateien</Filter>
    </ClInclude>
    <ClInclude Include="Resource.h">
      <Filter>Headerdateien</Filter>
    </ClInclude>
    <ClInclude Include="GT\resid\envelope.h">
      <Filter>Headerdateien</Filter>
    </ClInclude>
    <ClInclude Include="GT\resid\extfilt.h">
      <Filter>Headerdateien</Filter>
    </ClInclude>
    <ClInclude Include="GT\resid\filter.h">
      <Filter>Headerdateien</Filter>
    </ClInclude>
    <ClInclude Include="GT\resid\pot.h">
      <Filter>Headerdateien</Filter>
    </ClInclude>
    <ClInclude Include="GT\resid\sid.h">
      <Filter>Headerdateien</Filter>
    </ClInclude>
    <ClInclude Include="GT\resid\siddefs.h">
      <Filter>Headerdateien</Filter>
    </ClInclude>
    <ClInclude Include="GT\resid\spline.h">
      <Filter>Headerdateien</Filter>
    </ClInclude>
    <ClInclude Include="GT\resid\voice.h">
      <Filter>Headerdateien</Filter>
    </ClInclude>
    <ClInclude Include="GT\resid\wave.h">
      <Filter>Headerdateien</Filter>
    </ClInclude>
    <ClInclude Include="GT\resid-fp\envelopefp.h">
      <Filter>Headerdateien</Filter>
    </ClInclude>
    <ClInclude Include="GT\resid-fp\extfiltfp.h">
      <Filter>Headerdateien</Filter>
    </ClInclude>
    <ClInclude Include="GT\resid-fp\filterfp.h">
      <Filter>Headerdateien</Filter>
    </ClInclude>
    <ClInclude Include="GT\resid-fp\potfp.h">
      <Filter>Headerdateien</Filter>
    </ClInclude>
    <ClInclude Include="GT\resid-fp\siddefsfp.h">
      <Filter>Headerdateien</Filter>
    </ClInclude>
    <ClInclude Include="GT\resid-fp\sidfp.h">
      <Filter>Headerdateien</Filter>
    </ClInclude>
    <ClInclude Include="GT\resid-fp\voicefp.h">
      <Filter>Headerdateien</Filter>
    </ClInclude>
    <ClInclude Include="GT\resid-fp\wavefp.h">
      <Filter>Headerdateien</Filter>
    </ClInclude>
    <ClInclude Include="GT\gsid.h">
      <Filter>Headerdateien</Filter>
    </ClInclude>
    <ClInclude Include="SampleWave.h">
      <Filter>Headerdateien</Filter>
    </ClInclude>
    <ClInclude Include="SID\SIDIF.h">
      <Filter>Headerdateien</Filter>
    </ClInclude>
    <ClInclude Include="SID\Instrument.h">
      <Filter>Headerdateien</Filter>
    </ClInclude>
    <ClInclude Include="TestSID.h">
      <Filter>Headerdateien</Filter>
    </ClInclude>
  </ItemGroup>
</Project>